// !$*UTF8*$!
{
	archiveVersion = 1;
	classes = {
	};
	objectVersion = 56;
	objects = {

/* Begin PBXBuildFile section */
		095C45A02BEFC1CC004662C4 /* ProfileView.swift in Sources */ = {isa = PBXBuildFile; fileRef = 095C459F2BEFC1CC004662C4 /* ProfileView.swift */; };
		095C45A22BEFC207004662C4 /* TodoListView.swift in Sources */ = {isa = PBXBuildFile; fileRef = 095C45A12BEFC207004662C4 /* TodoListView.swift */; };
		095C45A42BEFC217004662C4 /* NewItemView.swift in Sources */ = {isa = PBXBuildFile; fileRef = 095C45A32BEFC217004662C4 /* NewItemView.swift */; };
		095C45A62BEFC226004662C4 /* LoginView.swift in Sources */ = {isa = PBXBuildFile; fileRef = 095C45A52BEFC226004662C4 /* LoginView.swift */; };
		095C45A82BEFC23C004662C4 /* RegisterView.swift in Sources */ = {isa = PBXBuildFile; fileRef = 095C45A72BEFC23C004662C4 /* RegisterView.swift */; };
		095C45AA2BEFC270004662C4 /* ToDoListItemView.swift in Sources */ = {isa = PBXBuildFile; fileRef = 095C45A92BEFC270004662C4 /* ToDoListItemView.swift */; };
		095C45AC2BEFC2E4004662C4 /* User.swift in Sources */ = {isa = PBXBuildFile; fileRef = 095C45AB2BEFC2E4004662C4 /* User.swift */; };
		095C45AE2BEFC304004662C4 /* ToDoListItem.swift in Sources */ = {isa = PBXBuildFile; fileRef = 095C45AD2BEFC304004662C4 /* ToDoListItem.swift */; };
		095C45B02BEFC3A0004662C4 /* MainViewViewModel.swift in Sources */ = {isa = PBXBuildFile; fileRef = 095C45AF2BEFC3A0004662C4 /* MainViewViewModel.swift */; };
		095C45B22BEFC3B5004662C4 /* ProfileViewViewModel.swift in Sources */ = {isa = PBXBuildFile; fileRef = 095C45B12BEFC3B5004662C4 /* ProfileViewViewModel.swift */; };
		095C45B42BEFC3C4004662C4 /* TodoListViewViewModel.swift in Sources */ = {isa = PBXBuildFile; fileRef = 095C45B32BEFC3C4004662C4 /* TodoListViewViewModel.swift */; };
		095C45B62BEFC3D5004662C4 /* NewItemViewViewModel.swift in Sources */ = {isa = PBXBuildFile; fileRef = 095C45B52BEFC3D5004662C4 /* NewItemViewViewModel.swift */; };
		095C45B82BEFC3E6004662C4 /* LoginViewViewModel.swift in Sources */ = {isa = PBXBuildFile; fileRef = 095C45B72BEFC3E6004662C4 /* LoginViewViewModel.swift */; };
		095C45BA2BEFC3F3004662C4 /* RegisterViewViewModel.swift in Sources */ = {isa = PBXBuildFile; fileRef = 095C45B92BEFC3F3004662C4 /* RegisterViewViewModel.swift */; };
		095C45BC2BEFC404004662C4 /* ToDoListItemViewModel.swift in Sources */ = {isa = PBXBuildFile; fileRef = 095C45BB2BEFC404004662C4 /* ToDoListItemViewModel.swift */; };
		095C45BE2BEFC598004662C4 /* HeaderView.swift in Sources */ = {isa = PBXBuildFile; fileRef = 095C45BD2BEFC598004662C4 /* HeaderView.swift */; };
		095C45C02BEFCB2F004662C4 /* TLButton.swift in Sources */ = {isa = PBXBuildFile; fileRef = 095C45BF2BEFCB2F004662C4 /* TLButton.swift */; };
		095C45C22BEFDB78004662C4 /* Extensions.swift in Sources */ = {isa = PBXBuildFile; fileRef = 095C45C12BEFDB78004662C4 /* Extensions.swift */; };
		09E6F2822BEFB5DB00979757 /* TodoListApp.swift in Sources */ = {isa = PBXBuildFile; fileRef = 09E6F2812BEFB5DB00979757 /* TodoListApp.swift */; };
		09E6F2842BEFB5DB00979757 /* MainView.swift in Sources */ = {isa = PBXBuildFile; fileRef = 09E6F2832BEFB5DB00979757 /* MainView.swift */; };
		09E6F2862BEFB5DD00979757 /* Assets.xcassets in Resources */ = {isa = PBXBuildFile; fileRef = 09E6F2852BEFB5DD00979757 /* Assets.xcassets */; };
		09E6F28A2BEFB5DD00979757 /* Preview Assets.xcassets in Resources */ = {isa = PBXBuildFile; fileRef = 09E6F2892BEFB5DD00979757 /* Preview Assets.xcassets */; };
		09E6F2942BEFB5DE00979757 /* TodoListTests.swift in Sources */ = {isa = PBXBuildFile; fileRef = 09E6F2932BEFB5DE00979757 /* TodoListTests.swift */; };
		09E6F29E2BEFB5DE00979757 /* TodoListUITests.swift in Sources */ = {isa = PBXBuildFile; fileRef = 09E6F29D2BEFB5DE00979757 /* TodoListUITests.swift */; };
		09E6F2A02BEFB5DE00979757 /* TodoListUITestsLaunchTests.swift in Sources */ = {isa = PBXBuildFile; fileRef = 09E6F29F2BEFB5DE00979757 /* TodoListUITestsLaunchTests.swift */; };
		09E6F2AE2BEFB84700979757 /* FirebaseAuth in Frameworks */ = {isa = PBXBuildFile; productRef = 09E6F2AD2BEFB84700979757 /* FirebaseAuth */; };
		09E6F2B02BEFB84700979757 /* FirebaseFirestore in Frameworks */ = {isa = PBXBuildFile; productRef = 09E6F2AF2BEFB84700979757 /* FirebaseFirestore */; };
		09E6F2B22BEFB84700979757 /* FirebaseFirestoreSwift in Frameworks */ = {isa = PBXBuildFile; productRef = 09E6F2B12BEFB84700979757 /* FirebaseFirestoreSwift */; };
		09E6F2B42BEFBA6700979757 /* GoogleService-Info.plist in Resources */ = {isa = PBXBuildFile; fileRef = 09E6F2B32BEFBA6700979757 /* GoogleService-Info.plist */; };
/* End PBXBuildFile section */

/* Begin PBXContainerItemProxy section */
		09E6F2902BEFB5DE00979757 /* PBXContainerItemProxy */ = {
			isa = PBXContainerItemProxy;
			containerPortal = 09E6F2762BEFB5DB00979757 /* Project object */;
			proxyType = 1;
			remoteGlobalIDString = 09E6F27D2BEFB5DB00979757;
			remoteInfo = TodoList;
		};
		09E6F29A2BEFB5DE00979757 /* PBXContainerItemProxy */ = {
			isa = PBXContainerItemProxy;
			containerPortal = 09E6F2762BEFB5DB00979757 /* Project object */;
			proxyType = 1;
			remoteGlobalIDString = 09E6F27D2BEFB5DB00979757;
			remoteInfo = TodoList;
		};
/* End PBXContainerItemProxy section */

/* Begin PBXFileReference section */
		095C459F2BEFC1CC004662C4 /* ProfileView.swift */ = {isa = PBXFileReference; lastKnownFileType = sourcecode.swift; path = ProfileView.swift; sourceTree = "<group>"; };
		095C45A12BEFC207004662C4 /* TodoListView.swift */ = {isa = PBXFileReference; lastKnownFileType = sourcecode.swift; path = TodoListView.swift; sourceTree = "<group>"; };
		095C45A32BEFC217004662C4 /* NewItemView.swift */ = {isa = PBXFileReference; lastKnownFileType = sourcecode.swift; path = NewItemView.swift; sourceTree = "<group>"; };
		095C45A52BEFC226004662C4 /* LoginView.swift */ = {isa = PBXFileReference; lastKnownFileType = sourcecode.swift; path = LoginView.swift; sourceTree = "<group>"; };
		095C45A72BEFC23C004662C4 /* RegisterView.swift */ = {isa = PBXFileReference; lastKnownFileType = sourcecode.swift; path = RegisterView.swift; sourceTree = "<group>"; };
		095C45A92BEFC270004662C4 /* ToDoListItemView.swift */ = {isa = PBXFileReference; lastKnownFileType = sourcecode.swift; path = ToDoListItemView.swift; sourceTree = "<group>"; };
		095C45AB2BEFC2E4004662C4 /* User.swift */ = {isa = PBXFileReference; lastKnownFileType = sourcecode.swift; path = User.swift; sourceTree = "<group>"; };
		095C45AD2BEFC304004662C4 /* ToDoListItem.swift */ = {isa = PBXFileReference; lastKnownFileType = sourcecode.swift; path = ToDoListItem.swift; sourceTree = "<group>"; };
		095C45AF2BEFC3A0004662C4 /* MainViewViewModel.swift */ = {isa = PBXFileReference; lastKnownFileType = sourcecode.swift; path = MainViewViewModel.swift; sourceTree = "<group>"; };
		095C45B12BEFC3B5004662C4 /* ProfileViewViewModel.swift */ = {isa = PBXFileReference; lastKnownFileType = sourcecode.swift; path = ProfileViewViewModel.swift; sourceTree = "<group>"; };
		095C45B32BEFC3C4004662C4 /* TodoListViewViewModel.swift */ = {isa = PBXFileReference; lastKnownFileType = sourcecode.swift; path = TodoListViewViewModel.swift; sourceTree = "<group>"; };
		095C45B52BEFC3D5004662C4 /* NewItemViewViewModel.swift */ = {isa = PBXFileReference; lastKnownFileType = sourcecode.swift; path = NewItemViewViewModel.swift; sourceTree = "<group>"; };
		095C45B72BEFC3E6004662C4 /* LoginViewViewModel.swift */ = {isa = PBXFileReference; lastKnownFileType = sourcecode.swift; path = LoginViewViewModel.swift; sourceTree = "<group>"; };
		095C45B92BEFC3F3004662C4 /* RegisterViewViewModel.swift */ = {isa = PBXFileReference; lastKnownFileType = sourcecode.swift; path = RegisterViewViewModel.swift; sourceTree = "<group>"; };
		095C45BB2BEFC404004662C4 /* ToDoListItemViewModel.swift */ = {isa = PBXFileReference; lastKnownFileType = sourcecode.swift; path = ToDoListItemViewModel.swift; sourceTree = "<group>"; };
		095C45BD2BEFC598004662C4 /* HeaderView.swift */ = {isa = PBXFileReference; lastKnownFileType = sourcecode.swift; path = HeaderView.swift; sourceTree = "<group>"; };
		095C45BF2BEFCB2F004662C4 /* TLButton.swift */ = {isa = PBXFileReference; lastKnownFileType = sourcecode.swift; path = TLButton.swift; sourceTree = "<group>"; };
		095C45C12BEFDB78004662C4 /* Extensions.swift */ = {isa = PBXFileReference; lastKnownFileType = sourcecode.swift; path = Extensions.swift; sourceTree = "<group>"; };
		09E6F27E2BEFB5DB00979757 /* TodoList.app */ = {isa = PBXFileReference; explicitFileType = wrapper.application; includeInIndex = 0; path = TodoList.app; sourceTree = BUILT_PRODUCTS_DIR; };
		09E6F2812BEFB5DB00979757 /* TodoListApp.swift */ = {isa = PBXFileReference; lastKnownFileType = sourcecode.swift; path = TodoListApp.swift; sourceTree = "<group>"; };
		09E6F2832BEFB5DB00979757 /* MainView.swift */ = {isa = PBXFileReference; lastKnownFileType = sourcecode.swift; path = MainView.swift; sourceTree = "<group>"; };
		09E6F2852BEFB5DD00979757 /* Assets.xcassets */ = {isa = PBXFileReference; lastKnownFileType = folder.assetcatalog; path = Assets.xcassets; sourceTree = "<group>"; };
		09E6F2872BEFB5DD00979757 /* TodoList.entitlements */ = {isa = PBXFileReference; lastKnownFileType = text.plist.entitlements; path = TodoList.entitlements; sourceTree = "<group>"; };
		09E6F2892BEFB5DD00979757 /* Preview Assets.xcassets */ = {isa = PBXFileReference; lastKnownFileType = folder.assetcatalog; path = "Preview Assets.xcassets"; sourceTree = "<group>"; };
		09E6F28F2BEFB5DE00979757 /* TodoListTests.xctest */ = {isa = PBXFileReference; explicitFileType = wrapper.cfbundle; includeInIndex = 0; path = TodoListTests.xctest; sourceTree = BUILT_PRODUCTS_DIR; };
		09E6F2932BEFB5DE00979757 /* TodoListTests.swift */ = {isa = PBXFileReference; lastKnownFileType = sourcecode.swift; path = TodoListTests.swift; sourceTree = "<group>"; };
		09E6F2992BEFB5DE00979757 /* TodoListUITests.xctest */ = {isa = PBXFileReference; explicitFileType = wrapper.cfbundle; includeInIndex = 0; path = TodoListUITests.xctest; sourceTree = BUILT_PRODUCTS_DIR; };
		09E6F29D2BEFB5DE00979757 /* TodoListUITests.swift */ = {isa = PBXFileReference; lastKnownFileType = sourcecode.swift; path = TodoListUITests.swift; sourceTree = "<group>"; };
		09E6F29F2BEFB5DE00979757 /* TodoListUITestsLaunchTests.swift */ = {isa = PBXFileReference; lastKnownFileType = sourcecode.swift; path = TodoListUITestsLaunchTests.swift; sourceTree = "<group>"; };
		09E6F2B32BEFBA6700979757 /* GoogleService-Info.plist */ = {isa = PBXFileReference; fileEncoding = 4; lastKnownFileType = text.plist.xml; path = "GoogleService-Info.plist"; sourceTree = "<group>"; };
/* End PBXFileReference section */

/* Begin PBXFrameworksBuildPhase section */
		09E6F27B2BEFB5DB00979757 /* Frameworks */ = {
			isa = PBXFrameworksBuildPhase;
			buildActionMask = 2147483647;
			files = (
				09E6F2AE2BEFB84700979757 /* FirebaseAuth in Frameworks */,
				09E6F2B02BEFB84700979757 /* FirebaseFirestore in Frameworks */,
				09E6F2B22BEFB84700979757 /* FirebaseFirestoreSwift in Frameworks */,
			);
			runOnlyForDeploymentPostprocessing = 0;
		};
		09E6F28C2BEFB5DE00979757 /* Frameworks */ = {
			isa = PBXFrameworksBuildPhase;
			buildActionMask = 2147483647;
			files = (
			);
			runOnlyForDeploymentPostprocessing = 0;
		};
		09E6F2962BEFB5DE00979757 /* Frameworks */ = {
			isa = PBXFrameworksBuildPhase;
			buildActionMask = 2147483647;
			files = (
			);
			runOnlyForDeploymentPostprocessing = 0;
		};
/* End PBXFrameworksBuildPhase section */

/* Begin PBXGroup section */
		09E6F2752BEFB5DB00979757 = {
			isa = PBXGroup;
			children = (
				09E6F2802BEFB5DB00979757 /* TodoList */,
				09E6F2922BEFB5DE00979757 /* TodoListTests */,
				09E6F29C2BEFB5DE00979757 /* TodoListUITests */,
				09E6F27F2BEFB5DB00979757 /* Products */,
			);
			sourceTree = "<group>";
		};
		09E6F27F2BEFB5DB00979757 /* Products */ = {
			isa = PBXGroup;
			children = (
				09E6F27E2BEFB5DB00979757 /* TodoList.app */,
				09E6F28F2BEFB5DE00979757 /* TodoListTests.xctest */,
				09E6F2992BEFB5DE00979757 /* TodoListUITests.xctest */,
			);
			name = Products;
			sourceTree = "<group>";
		};
		09E6F2802BEFB5DB00979757 /* TodoList */ = {
			isa = PBXGroup;
			children = (
				09E6F2B82BEFBF9E00979757 /* Other */,
				09E6F2B72BEFBF8B00979757 /* Models */,
				09E6F2B62BEFBF7F00979757 /* ViewModels */,
				09E6F2B52BEFBF7300979757 /* Views */,
				09E6F2872BEFB5DD00979757 /* TodoList.entitlements */,
				09E6F2882BEFB5DD00979757 /* Preview Content */,
			);
			path = TodoList;
			sourceTree = "<group>";
		};
		09E6F2882BEFB5DD00979757 /* Preview Content */ = {
			isa = PBXGroup;
			children = (
				09E6F2892BEFB5DD00979757 /* Preview Assets.xcassets */,
			);
			path = "Preview Content";
			sourceTree = "<group>";
		};
		09E6F2922BEFB5DE00979757 /* TodoListTests */ = {
			isa = PBXGroup;
			children = (
				09E6F2932BEFB5DE00979757 /* TodoListTests.swift */,
			);
			path = TodoListTests;
			sourceTree = "<group>";
		};
		09E6F29C2BEFB5DE00979757 /* TodoListUITests */ = {
			isa = PBXGroup;
			children = (
				09E6F29D2BEFB5DE00979757 /* TodoListUITests.swift */,
				09E6F29F2BEFB5DE00979757 /* TodoListUITestsLaunchTests.swift */,
			);
			path = TodoListUITests;
			sourceTree = "<group>";
		};
		09E6F2B52BEFBF7300979757 /* Views */ = {
			isa = PBXGroup;
			children = (
				09E6F2832BEFB5DB00979757 /* MainView.swift */,
				095C459F2BEFC1CC004662C4 /* ProfileView.swift */,
				095C45A32BEFC217004662C4 /* NewItemView.swift */,
				095C45A52BEFC226004662C4 /* LoginView.swift */,
				095C45A72BEFC23C004662C4 /* RegisterView.swift */,
				095C45A12BEFC207004662C4 /* TodoListView.swift */,
				095C45A92BEFC270004662C4 /* ToDoListItemView.swift */,
				095C45BD2BEFC598004662C4 /* HeaderView.swift */,
				095C45BF2BEFCB2F004662C4 /* TLButton.swift */,
			);
			path = Views;
			sourceTree = "<group>";
		};
		09E6F2B62BEFBF7F00979757 /* ViewModels */ = {
			isa = PBXGroup;
			children = (
				095C45AF2BEFC3A0004662C4 /* MainViewViewModel.swift */,
				095C45B12BEFC3B5004662C4 /* ProfileViewViewModel.swift */,
				095C45B52BEFC3D5004662C4 /* NewItemViewViewModel.swift */,
				095C45B72BEFC3E6004662C4 /* LoginViewViewModel.swift */,
				095C45B92BEFC3F3004662C4 /* RegisterViewViewModel.swift */,
				095C45B32BEFC3C4004662C4 /* TodoListViewViewModel.swift */,
				095C45BB2BEFC404004662C4 /* ToDoListItemViewModel.swift */,
			);
			path = ViewModels;
			sourceTree = "<group>";
		};
		09E6F2B72BEFBF8B00979757 /* Models */ = {
			isa = PBXGroup;
			children = (
				095C45AB2BEFC2E4004662C4 /* User.swift */,
				095C45AD2BEFC304004662C4 /* ToDoListItem.swift */,
			);
			path = Models;
			sourceTree = "<group>";
		};
		09E6F2B82BEFBF9E00979757 /* Other */ = {
			isa = PBXGroup;
			children = (
				09E6F2852BEFB5DD00979757 /* Assets.xcassets */,
				09E6F2812BEFB5DB00979757 /* TodoListApp.swift */,
				09E6F2B32BEFBA6700979757 /* GoogleService-Info.plist */,
				095C45C12BEFDB78004662C4 /* Extensions.swift */,
			);
			path = Other;
			sourceTree = "<group>";
		};
/* End PBXGroup section */

/* Begin PBXNativeTarget section */
		09E6F27D2BEFB5DB00979757 /* TodoList */ = {
			isa = PBXNativeTarget;
			buildConfigurationList = 09E6F2A32BEFB5DE00979757 /* Build configuration list for PBXNativeTarget "TodoList" */;
			buildPhases = (
				09E6F27A2BEFB5DB00979757 /* Sources */,
				09E6F27B2BEFB5DB00979757 /* Frameworks */,
				09E6F27C2BEFB5DB00979757 /* Resources */,
			);
			buildRules = (
			);
			dependencies = (
			);
			name = TodoList;
			packageProductDependencies = (
				09E6F2AD2BEFB84700979757 /* FirebaseAuth */,
				09E6F2AF2BEFB84700979757 /* FirebaseFirestore */,
				09E6F2B12BEFB84700979757 /* FirebaseFirestoreSwift */,
			);
			productName = TodoList;
			productReference = 09E6F27E2BEFB5DB00979757 /* TodoList.app */;
			productType = "com.apple.product-type.application";
		};
		09E6F28E2BEFB5DE00979757 /* TodoListTests */ = {
			isa = PBXNativeTarget;
			buildConfigurationList = 09E6F2A62BEFB5DE00979757 /* Build configuration list for PBXNativeTarget "TodoListTests" */;
			buildPhases = (
				09E6F28B2BEFB5DE00979757 /* Sources */,
				09E6F28C2BEFB5DE00979757 /* Frameworks */,
				09E6F28D2BEFB5DE00979757 /* Resources */,
			);
			buildRules = (
			);
			dependencies = (
				09E6F2912BEFB5DE00979757 /* PBXTargetDependency */,
			);
			name = TodoListTests;
			productName = TodoListTests;
			productReference = 09E6F28F2BEFB5DE00979757 /* TodoListTests.xctest */;
			productType = "com.apple.product-type.bundle.unit-test";
		};
		09E6F2982BEFB5DE00979757 /* TodoListUITests */ = {
			isa = PBXNativeTarget;
			buildConfigurationList = 09E6F2A92BEFB5DE00979757 /* Build configuration list for PBXNativeTarget "TodoListUITests" */;
			buildPhases = (
				09E6F2952BEFB5DE00979757 /* Sources */,
				09E6F2962BEFB5DE00979757 /* Frameworks */,
				09E6F2972BEFB5DE00979757 /* Resources */,
			);
			buildRules = (
			);
			dependencies = (
				09E6F29B2BEFB5DE00979757 /* PBXTargetDependency */,
			);
			name = TodoListUITests;
			productName = TodoListUITests;
			productReference = 09E6F2992BEFB5DE00979757 /* TodoListUITests.xctest */;
			productType = "com.apple.product-type.bundle.ui-testing";
		};
/* End PBXNativeTarget section */

/* Begin PBXProject section */
		09E6F2762BEFB5DB00979757 /* Project object */ = {
			isa = PBXProject;
			attributes = {
				BuildIndependentTargetsInParallel = 1;
				LastSwiftUpdateCheck = 1530;
				LastUpgradeCheck = 1530;
				TargetAttributes = {
					09E6F27D2BEFB5DB00979757 = {
						CreatedOnToolsVersion = 15.3;
					};
					09E6F28E2BEFB5DE00979757 = {
						CreatedOnToolsVersion = 15.3;
						TestTargetID = 09E6F27D2BEFB5DB00979757;
					};
					09E6F2982BEFB5DE00979757 = {
						CreatedOnToolsVersion = 15.3;
						TestTargetID = 09E6F27D2BEFB5DB00979757;
					};
				};
			};
			buildConfigurationList = 09E6F2792BEFB5DB00979757 /* Build configuration list for PBXProject "TodoList" */;
			compatibilityVersion = "Xcode 14.0";
			developmentRegion = en;
			hasScannedForEncodings = 0;
			knownRegions = (
				en,
				Base,
			);
			mainGroup = 09E6F2752BEFB5DB00979757;
			packageReferences = (
				09E6F2AC2BEFB84700979757 /* XCRemoteSwiftPackageReference "firebase-ios-sdk" */,
			);
			productRefGroup = 09E6F27F2BEFB5DB00979757 /* Products */;
			projectDirPath = "";
			projectRoot = "";
			targets = (
				09E6F27D2BEFB5DB00979757 /* TodoList */,
				09E6F28E2BEFB5DE00979757 /* TodoListTests */,
				09E6F2982BEFB5DE00979757 /* TodoListUITests */,
			);
		};
/* End PBXProject section */

/* Begin PBXResourcesBuildPhase section */
		09E6F27C2BEFB5DB00979757 /* Resources */ = {
			isa = PBXResourcesBuildPhase;
			buildActionMask = 2147483647;
			files = (
				09E6F28A2BEFB5DD00979757 /* Preview Assets.xcassets in Resources */,
				09E6F2862BEFB5DD00979757 /* Assets.xcassets in Resources */,
				09E6F2B42BEFBA6700979757 /* GoogleService-Info.plist in Resources */,
			);
			runOnlyForDeploymentPostprocessing = 0;
		};
		09E6F28D2BEFB5DE00979757 /* Resources */ = {
			isa = PBXResourcesBuildPhase;
			buildActionMask = 2147483647;
			files = (
			);
			runOnlyForDeploymentPostprocessing = 0;
		};
		09E6F2972BEFB5DE00979757 /* Resources */ = {
			isa = PBXResourcesBuildPhase;
			buildActionMask = 2147483647;
			files = (
			);
			runOnlyForDeploymentPostprocessing = 0;
		};
/* End PBXResourcesBuildPhase section */

/* Begin PBXSourcesBuildPhase section */
		09E6F27A2BEFB5DB00979757 /* Sources */ = {
			isa = PBXSourcesBuildPhase;
			buildActionMask = 2147483647;
			files = (
				095C45A62BEFC226004662C4 /* LoginView.swift in Sources */,
				095C45BE2BEFC598004662C4 /* HeaderView.swift in Sources */,
				09E6F2842BEFB5DB00979757 /* MainView.swift in Sources */,
				095C45BA2BEFC3F3004662C4 /* RegisterViewViewModel.swift in Sources */,
				095C45B02BEFC3A0004662C4 /* MainViewViewModel.swift in Sources */,
				095C45A22BEFC207004662C4 /* TodoListView.swift in Sources */,
				095C45A82BEFC23C004662C4 /* RegisterView.swift in Sources */,
				095C45C02BEFCB2F004662C4 /* TLButton.swift in Sources */,
				095C45B22BEFC3B5004662C4 /* ProfileViewViewModel.swift in Sources */,
				095C45A02BEFC1CC004662C4 /* ProfileView.swift in Sources */,
				095C45AC2BEFC2E4004662C4 /* User.swift in Sources */,
				095C45BC2BEFC404004662C4 /* ToDoListItemViewModel.swift in Sources */,
				095C45B42BEFC3C4004662C4 /* TodoListViewViewModel.swift in Sources */,
				095C45AA2BEFC270004662C4 /* ToDoListItemView.swift in Sources */,
				095C45B82BEFC3E6004662C4 /* LoginViewViewModel.swift in Sources */,
				095C45C22BEFDB78004662C4 /* Extensions.swift in Sources */,
				09E6F2822BEFB5DB00979757 /* TodoListApp.swift in Sources */,
				095C45AE2BEFC304004662C4 /* ToDoListItem.swift in Sources */,
				095C45A42BEFC217004662C4 /* NewItemView.swift in Sources */,
				095C45B62BEFC3D5004662C4 /* NewItemViewViewModel.swift in Sources */,
			);
			runOnlyForDeploymentPostprocessing = 0;
		};
		09E6F28B2BEFB5DE00979757 /* Sources */ = {
			isa = PBXSourcesBuildPhase;
			buildActionMask = 2147483647;
			files = (
				09E6F2942BEFB5DE00979757 /* TodoListTests.swift in Sources */,
			);
			runOnlyForDeploymentPostprocessing = 0;
		};
		09E6F2952BEFB5DE00979757 /* Sources */ = {
			isa = PBXSourcesBuildPhase;
			buildActionMask = 2147483647;
			files = (
				09E6F2A02BEFB5DE00979757 /* TodoListUITestsLaunchTests.swift in Sources */,
				09E6F29E2BEFB5DE00979757 /* TodoListUITests.swift in Sources */,
			);
			runOnlyForDeploymentPostprocessing = 0;
		};
/* End PBXSourcesBuildPhase section */

/* Begin PBXTargetDependency section */
		09E6F2912BEFB5DE00979757 /* PBXTargetDependency */ = {
			isa = PBXTargetDependency;
			target = 09E6F27D2BEFB5DB00979757 /* TodoList */;
			targetProxy = 09E6F2902BEFB5DE00979757 /* PBXContainerItemProxy */;
		};
		09E6F29B2BEFB5DE00979757 /* PBXTargetDependency */ = {
			isa = PBXTargetDependency;
			target = 09E6F27D2BEFB5DB00979757 /* TodoList */;
			targetProxy = 09E6F29A2BEFB5DE00979757 /* PBXContainerItemProxy */;
		};
/* End PBXTargetDependency section */

/* Begin XCBuildConfiguration section */
		09E6F2A12BEFB5DE00979757 /* Debug */ = {
			isa = XCBuildConfiguration;
			buildSettings = {
				ALWAYS_SEARCH_USER_PATHS = NO;
				ASSETCATALOG_COMPILER_GENERATE_SWIFT_ASSET_SYMBOL_EXTENSIONS = YES;
				CLANG_ANALYZER_NONNULL = YES;
				CLANG_ANALYZER_NUMBER_OBJECT_CONVERSION = YES_AGGRESSIVE;
				CLANG_CXX_LANGUAGE_STANDARD = "gnu++20";
				CLANG_ENABLE_MODULES = YES;
				CLANG_ENABLE_OBJC_ARC = YES;
				CLANG_ENABLE_OBJC_WEAK = YES;
				CLANG_WARN_BLOCK_CAPTURE_AUTORELEASING = YES;
				CLANG_WARN_BOOL_CONVERSION = YES;
				CLANG_WARN_COMMA = YES;
				CLANG_WARN_CONSTANT_CONVERSION = YES;
				CLANG_WARN_DEPRECATED_OBJC_IMPLEMENTATIONS = YES;
				CLANG_WARN_DIRECT_OBJC_ISA_USAGE = YES_ERROR;
				CLANG_WARN_DOCUMENTATION_COMMENTS = YES;
				CLANG_WARN_EMPTY_BODY = YES;
				CLANG_WARN_ENUM_CONVERSION = YES;
				CLANG_WARN_INFINITE_RECURSION = YES;
				CLANG_WARN_INT_CONVERSION = YES;
				CLANG_WARN_NON_LITERAL_NULL_CONVERSION = YES;
				CLANG_WARN_OBJC_IMPLICIT_RETAIN_SELF = YES;
				CLANG_WARN_OBJC_LITERAL_CONVERSION = YES;
				CLANG_WARN_OBJC_ROOT_CLASS = YES_ERROR;
				CLANG_WARN_QUOTED_INCLUDE_IN_FRAMEWORK_HEADER = YES;
				CLANG_WARN_RANGE_LOOP_ANALYSIS = YES;
				CLANG_WARN_STRICT_PROTOTYPES = YES;
				CLANG_WARN_SUSPICIOUS_MOVE = YES;
				CLANG_WARN_UNGUARDED_AVAILABILITY = YES_AGGRESSIVE;
				CLANG_WARN_UNREACHABLE_CODE = YES;
				CLANG_WARN__DUPLICATE_METHOD_MATCH = YES;
				COPY_PHASE_STRIP = NO;
				DEBUG_INFORMATION_FORMAT = dwarf;
				ENABLE_STRICT_OBJC_MSGSEND = YES;
				ENABLE_TESTABILITY = YES;
				ENABLE_USER_SCRIPT_SANDBOXING = YES;
				GCC_C_LANGUAGE_STANDARD = gnu17;
				GCC_DYNAMIC_NO_PIC = NO;
				GCC_NO_COMMON_BLOCKS = YES;
				GCC_OPTIMIZATION_LEVEL = 0;
				GCC_PREPROCESSOR_DEFINITIONS = (
					"DEBUG=1",
					"$(inherited)",
				);
				GCC_WARN_64_TO_32_BIT_CONVERSION = YES;
				GCC_WARN_ABOUT_RETURN_TYPE = YES_ERROR;
				GCC_WARN_UNDECLARED_SELECTOR = YES;
				GCC_WARN_UNINITIALIZED_AUTOS = YES_AGGRESSIVE;
				GCC_WARN_UNUSED_FUNCTION = YES;
				GCC_WARN_UNUSED_VARIABLE = YES;
				LOCALIZATION_PREFERS_STRING_CATALOGS = YES;
				MTL_ENABLE_DEBUG_INFO = INCLUDE_SOURCE;
				MTL_FAST_MATH = YES;
				ONLY_ACTIVE_ARCH = YES;
				SWIFT_ACTIVE_COMPILATION_CONDITIONS = "DEBUG $(inherited)";
				SWIFT_OPTIMIZATION_LEVEL = "-Onone";
			};
			name = Debug;
		};
		09E6F2A22BEFB5DE00979757 /* Release */ = {
			isa = XCBuildConfiguration;
			buildSettings = {
				ALWAYS_SEARCH_USER_PATHS = NO;
				ASSETCATALOG_COMPILER_GENERATE_SWIFT_ASSET_SYMBOL_EXTENSIONS = YES;
				CLANG_ANALYZER_NONNULL = YES;
				CLANG_ANALYZER_NUMBER_OBJECT_CONVERSION = YES_AGGRESSIVE;
				CLANG_CXX_LANGUAGE_STANDARD = "gnu++20";
				CLANG_ENABLE_MODULES = YES;
				CLANG_ENABLE_OBJC_ARC = YES;
				CLANG_ENABLE_OBJC_WEAK = YES;
				CLANG_WARN_BLOCK_CAPTURE_AUTORELEASING = YES;
				CLANG_WARN_BOOL_CONVERSION = YES;
				CLANG_WARN_COMMA = YES;
				CLANG_WARN_CONSTANT_CONVERSION = YES;
				CLANG_WARN_DEPRECATED_OBJC_IMPLEMENTATIONS = YES;
				CLANG_WARN_DIRECT_OBJC_ISA_USAGE = YES_ERROR;
				CLANG_WARN_DOCUMENTATION_COMMENTS = YES;
				CLANG_WARN_EMPTY_BODY = YES;
				CLANG_WARN_ENUM_CONVERSION = YES;
				CLANG_WARN_INFINITE_RECURSION = YES;
				CLANG_WARN_INT_CONVERSION = YES;
				CLANG_WARN_NON_LITERAL_NULL_CONVERSION = YES;
				CLANG_WARN_OBJC_IMPLICIT_RETAIN_SELF = YES;
				CLANG_WARN_OBJC_LITERAL_CONVERSION = YES;
				CLANG_WARN_OBJC_ROOT_CLASS = YES_ERROR;
				CLANG_WARN_QUOTED_INCLUDE_IN_FRAMEWORK_HEADER = YES;
				CLANG_WARN_RANGE_LOOP_ANALYSIS = YES;
				CLANG_WARN_STRICT_PROTOTYPES = YES;
				CLANG_WARN_SUSPICIOUS_MOVE = YES;
				CLANG_WARN_UNGUARDED_AVAILABILITY = YES_AGGRESSIVE;
				CLANG_WARN_UNREACHABLE_CODE = YES;
				CLANG_WARN__DUPLICATE_METHOD_MATCH = YES;
				COPY_PHASE_STRIP = NO;
				DEBUG_INFORMATION_FORMAT = "dwarf-with-dsym";
				ENABLE_NS_ASSERTIONS = NO;
				ENABLE_STRICT_OBJC_MSGSEND = YES;
				ENABLE_USER_SCRIPT_SANDBOXING = YES;
				GCC_C_LANGUAGE_STANDARD = gnu17;
				GCC_NO_COMMON_BLOCKS = YES;
				GCC_WARN_64_TO_32_BIT_CONVERSION = YES;
				GCC_WARN_ABOUT_RETURN_TYPE = YES_ERROR;
				GCC_WARN_UNDECLARED_SELECTOR = YES;
				GCC_WARN_UNINITIALIZED_AUTOS = YES_AGGRESSIVE;
				GCC_WARN_UNUSED_FUNCTION = YES;
				GCC_WARN_UNUSED_VARIABLE = YES;
				LOCALIZATION_PREFERS_STRING_CATALOGS = YES;
				MTL_ENABLE_DEBUG_INFO = NO;
				MTL_FAST_MATH = YES;
				SWIFT_COMPILATION_MODE = wholemodule;
			};
			name = Release;
		};
		09E6F2A42BEFB5DE00979757 /* Debug */ = {
			isa = XCBuildConfiguration;
			buildSettings = {
				ASSETCATALOG_COMPILER_APPICON_NAME = AppIcon;
				ASSETCATALOG_COMPILER_GLOBAL_ACCENT_COLOR_NAME = AccentColor;
				CODE_SIGN_ENTITLEMENTS = TodoList/TodoList.entitlements;
				CODE_SIGN_STYLE = Automatic;
				CURRENT_PROJECT_VERSION = 1;
				DEVELOPMENT_ASSET_PATHS = "\"TodoList/Preview Content\"";
				ENABLE_PREVIEWS = YES;
				GENERATE_INFOPLIST_FILE = YES;
				INFOPLIST_KEY_CFBundleDisplayName = "Todo List";
				INFOPLIST_KEY_LSApplicationCategoryType = "public.app-category.utilities";
				"INFOPLIST_KEY_UIApplicationSceneManifest_Generation[sdk=iphoneos*]" = YES;
				"INFOPLIST_KEY_UIApplicationSceneManifest_Generation[sdk=iphonesimulator*]" = YES;
				"INFOPLIST_KEY_UIApplicationSupportsIndirectInputEvents[sdk=iphoneos*]" = YES;
				"INFOPLIST_KEY_UIApplicationSupportsIndirectInputEvents[sdk=iphonesimulator*]" = YES;
				"INFOPLIST_KEY_UILaunchScreen_Generation[sdk=iphoneos*]" = YES;
				"INFOPLIST_KEY_UILaunchScreen_Generation[sdk=iphonesimulator*]" = YES;
				"INFOPLIST_KEY_UIStatusBarStyle[sdk=iphoneos*]" = UIStatusBarStyleDefault;
				"INFOPLIST_KEY_UIStatusBarStyle[sdk=iphonesimulator*]" = UIStatusBarStyleDefault;
				INFOPLIST_KEY_UISupportedInterfaceOrientations = UIInterfaceOrientationPortrait;
				IPHONEOS_DEPLOYMENT_TARGET = 17.4;
				LD_RUNPATH_SEARCH_PATHS = "@executable_path/Frameworks";
				"LD_RUNPATH_SEARCH_PATHS[sdk=macosx*]" = "@executable_path/../Frameworks";
				MACOSX_DEPLOYMENT_TARGET = 14.3;
				MARKETING_VERSION = 1.0;
				PRODUCT_BUNDLE_IDENTIFIER = io.shubhamdhage.TodoList;
				PRODUCT_NAME = "$(TARGET_NAME)";
				SDKROOT = auto;
				SUPPORTED_PLATFORMS = "iphoneos iphonesimulator macosx";
				SWIFT_EMIT_LOC_STRINGS = YES;
				SWIFT_VERSION = 5.0;
				TARGETED_DEVICE_FAMILY = "1,2";
			};
			name = Debug;
		};
		09E6F2A52BEFB5DE00979757 /* Release */ = {
			isa = XCBuildConfiguration;
			buildSettings = {
				ASSETCATALOG_COMPILER_APPICON_NAME = AppIcon;
				ASSETCATALOG_COMPILER_GLOBAL_ACCENT_COLOR_NAME = AccentColor;
				CODE_SIGN_ENTITLEMENTS = TodoList/TodoList.entitlements;
				CODE_SIGN_STYLE = Automatic;
				CURRENT_PROJECT_VERSION = 1;
				DEVELOPMENT_ASSET_PATHS = "\"TodoList/Preview Content\"";
				ENABLE_PREVIEWS = YES;
				GENERATE_INFOPLIST_FILE = YES;
				INFOPLIST_KEY_CFBundleDisplayName = "Todo List";
				INFOPLIST_KEY_LSApplicationCategoryType = "public.app-category.utilities";
				"INFOPLIST_KEY_UIApplicationSceneManifest_Generation[sdk=iphoneos*]" = YES;
				"INFOPLIST_KEY_UIApplicationSceneManifest_Generation[sdk=iphonesimulator*]" = YES;
				"INFOPLIST_KEY_UIApplicationSupportsIndirectInputEvents[sdk=iphoneos*]" = YES;
				"INFOPLIST_KEY_UIApplicationSupportsIndirectInputEvents[sdk=iphonesimulator*]" = YES;
				"INFOPLIST_KEY_UILaunchScreen_Generation[sdk=iphoneos*]" = YES;
				"INFOPLIST_KEY_UILaunchScreen_Generation[sdk=iphonesimulator*]" = YES;
				"INFOPLIST_KEY_UIStatusBarStyle[sdk=iphoneos*]" = UIStatusBarStyleDefault;
				"INFOPLIST_KEY_UIStatusBarStyle[sdk=iphonesimulator*]" = UIStatusBarStyleDefault;
				INFOPLIST_KEY_UISupportedInterfaceOrientations = UIInterfaceOrientationPortrait;
				IPHONEOS_DEPLOYMENT_TARGET = 17.4;
				LD_RUNPATH_SEARCH_PATHS = "@executable_path/Frameworks";
				"LD_RUNPATH_SEARCH_PATHS[sdk=macosx*]" = "@executable_path/../Frameworks";
				MACOSX_DEPLOYMENT_TARGET = 14.3;
				MARKETING_VERSION = 1.0;
				PRODUCT_BUNDLE_IDENTIFIER = io.shubhamdhage.TodoList;
				PRODUCT_NAME = "$(TARGET_NAME)";
				SDKROOT = auto;
				SUPPORTED_PLATFORMS = "iphoneos iphonesimulator macosx";
				SWIFT_EMIT_LOC_STRINGS = YES;
				SWIFT_VERSION = 5.0;
				TARGETED_DEVICE_FAMILY = "1,2";
			};
			name = Release;
		};
		09E6F2A72BEFB5DE00979757 /* Debug */ = {
			isa = XCBuildConfiguration;
			buildSettings = {
				ALWAYS_EMBED_SWIFT_STANDARD_LIBRARIES = YES;
				BUNDLE_LOADER = "$(TEST_HOST)";
				CODE_SIGN_STYLE = Automatic;
				CURRENT_PROJECT_VERSION = 1;
				GENERATE_INFOPLIST_FILE = YES;
				IPHONEOS_DEPLOYMENT_TARGET = 17.4;
				MACOSX_DEPLOYMENT_TARGET = 14.3;
				MARKETING_VERSION = 1.0;
				PRODUCT_BUNDLE_IDENTIFIER = io.shubhamdhage.TodoListTests;
				PRODUCT_NAME = "$(TARGET_NAME)";
				SDKROOT = auto;
				SUPPORTED_PLATFORMS = "iphoneos iphonesimulator macosx";
				SWIFT_EMIT_LOC_STRINGS = NO;
				SWIFT_VERSION = 5.0;
				TARGETED_DEVICE_FAMILY = "1,2";
				TEST_HOST = "$(BUILT_PRODUCTS_DIR)/TodoList.app/$(BUNDLE_EXECUTABLE_FOLDER_PATH)/TodoList";
			};
			name = Debug;
		};
		09E6F2A82BEFB5DE00979757 /* Release */ = {
			isa = XCBuildConfiguration;
			buildSettings = {
				ALWAYS_EMBED_SWIFT_STANDARD_LIBRARIES = YES;
				BUNDLE_LOADER = "$(TEST_HOST)";
				CODE_SIGN_STYLE = Automatic;
				CURRENT_PROJECT_VERSION = 1;
				GENERATE_INFOPLIST_FILE = YES;
				IPHONEOS_DEPLOYMENT_TARGET = 17.4;
				MACOSX_DEPLOYMENT_TARGET = 14.3;
				MARKETING_VERSION = 1.0;
				PRODUCT_BUNDLE_IDENTIFIER = io.shubhamdhage.TodoListTests;
				PRODUCT_NAME = "$(TARGET_NAME)";
				SDKROOT = auto;
				SUPPORTED_PLATFORMS = "iphoneos iphonesimulator macosx";
				SWIFT_EMIT_LOC_STRINGS = NO;
				SWIFT_VERSION = 5.0;
				TARGETED_DEVICE_FAMILY = "1,2";
				TEST_HOST = "$(BUILT_PRODUCTS_DIR)/TodoList.app/$(BUNDLE_EXECUTABLE_FOLDER_PATH)/TodoList";
			};
			name = Release;
		};
		09E6F2AA2BEFB5DE00979757 /* Debug */ = {
			isa = XCBuildConfiguration;
			buildSettings = {
				ALWAYS_EMBED_SWIFT_STANDARD_LIBRARIES = YES;
				CODE_SIGN_STYLE = Automatic;
				CURRENT_PROJECT_VERSION = 1;
				GENERATE_INFOPLIST_FILE = YES;
				IPHONEOS_DEPLOYMENT_TARGET = 17.4;
				MACOSX_DEPLOYMENT_TARGET = 14.3;
				MARKETING_VERSION = 1.0;
				PRODUCT_BUNDLE_IDENTIFIER = io.shubhamdhage.TodoListUITests;
				PRODUCT_NAME = "$(TARGET_NAME)";
				SDKROOT = auto;
				SUPPORTED_PLATFORMS = "iphoneos iphonesimulator macosx";
				SWIFT_EMIT_LOC_STRINGS = NO;
				SWIFT_VERSION = 5.0;
				TARGETED_DEVICE_FAMILY = "1,2";
				TEST_TARGET_NAME = TodoList;
			};
			name = Debug;
		};
		09E6F2AB2BEFB5DE00979757 /* Release */ = {
			isa = XCBuildConfiguration;
			buildSettings = {
				ALWAYS_EMBED_SWIFT_STANDARD_LIBRARIES = YES;
				CODE_SIGN_STYLE = Automatic;
				CURRENT_PROJECT_VERSION = 1;
				GENERATE_INFOPLIST_FILE = YES;
				IPHONEOS_DEPLOYMENT_TARGET = 17.4;
				MACOSX_DEPLOYMENT_TARGET = 14.3;
				MARKETING_VERSION = 1.0;
				PRODUCT_BUNDLE_IDENTIFIER = io.shubhamdhage.TodoListUITests;
				PRODUCT_NAME = "$(TARGET_NAME)";
				SDKROOT = auto;
				SUPPORTED_PLATFORMS = "iphoneos iphonesimulator macosx";
				SWIFT_EMIT_LOC_STRINGS = NO;
				SWIFT_VERSION = 5.0;
				TARGETED_DEVICE_FAMILY = "1,2";
				TEST_TARGET_NAME = TodoList;
			};
			name = Release;
		};
/* End XCBuildConfiguration section */

/* Begin XCConfigurationList section */
		09E6F2792BEFB5DB00979757 /* Build configuration list for PBXProject "TodoList" */ = {
			isa = XCConfigurationList;
			buildConfigurations = (
				09E6F2A12BEFB5DE00979757 /* Debug */,
				09E6F2A22BEFB5DE00979757 /* Release */,
			);
			defaultConfigurationIsVisible = 0;
			defaultConfigurationName = Release;
		};
		09E6F2A32BEFB5DE00979757 /* Build configuration list for PBXNativeTarget "TodoList" */ = {
			isa = XCConfigurationList;
			buildConfigurations = (
				09E6F2A42BEFB5DE00979757 /* Debug */,
				09E6F2A52BEFB5DE00979757 /* Release */,
			);
			defaultConfigurationIsVisible = 0;
			defaultConfigurationName = Release;
		};
		09E6F2A62BEFB5DE00979757 /* Build configuration list for PBXNativeTarget "TodoListTests" */ = {
			isa = XCConfigurationList;
			buildConfigurations = (
				09E6F2A72BEFB5DE00979757 /* Debug */,
				09E6F2A82BEFB5DE00979757 /* Release */,
			);
			defaultConfigurationIsVisible = 0;
			defaultConfigurationName = Release;
		};
		09E6F2A92BEFB5DE00979757 /* Build configuration list for PBXNativeTarget "TodoListUITests" */ = {
			isa = XCConfigurationList;
			buildConfigurations = (
				09E6F2AA2BEFB5DE00979757 /* Debug */,
				09E6F2AB2BEFB5DE00979757 /* Release */,
			);
			defaultConfigurationIsVisible = 0;
			defaultConfigurationName = Release;
		};
/* End XCConfigurationList section */

/* Begin XCRemoteSwiftPackageReference section */
		09E6F2AC2BEFB84700979757 /* XCRemoteSwiftPackageReference "firebase-ios-sdk" */ = {
			isa = XCRemoteSwiftPackageReference;
			repositoryURL = "https://github.com/firebase/firebase-ios-sdk.git";
			requirement = {
				kind = upToNextMajorVersion;
				minimumVersion = 10.25.0;
			};
		};
/* End XCRemoteSwiftPackageReference section */

/* Begin XCSwiftPackageProductDependency section */
		09E6F2AD2BEFB84700979757 /* FirebaseAuth */ = {
			isa = XCSwiftPackageProductDependency;
			package = 09E6F2AC2BEFB84700979757 /* XCRemoteSwiftPackageReference "firebase-ios-sdk" */;
			productName = FirebaseAuth;
		};
		09E6F2AF2BEFB84700979757 /* FirebaseFirestore */ = {
			isa = XCSwiftPackageProductDependency;
			package = 09E6F2AC2BEFB84700979757 /* XCRemoteSwiftPackageReference "firebase-ios-sdk" */;
			productName = FirebaseFirestore;
		};
		09E6F2B12BEFB84700979757 /* FirebaseFirestoreSwift */ = {
			isa = XCSwiftPackageProductDependency;
			package = 09E6F2AC2BEFB84700979757 /* XCRemoteSwiftPackageReference "firebase-ios-sdk" */;
			productName = FirebaseFirestoreSwift;
		};
/* End XCSwiftPackageProductDependency section */
	};
	rootObject = 09E6F2762BEFB5DB00979757 /* Project object */;
}
